
Microsoft Visual Studio Solution File, Format Version 12.00
# Visual Studio Version 17
VisualStudioVersion = 17.1.32407.343
MinimumVisualStudioVersion = 10.0.40219.1
Project("{9A19103F-16F7-4668-BE54-9A1E7A4F7556}") = "WebApplication2", "WebApplication2\WebApplication2.csproj", "{9FC96EE9-1882-413A-B580-EA9A95C6F5CC}"
EndProject
Global
	GlobalSection(SolutionConfigurationPlatforms) = preSolution
		Debug|Any CPU = Debug|Any CPU
		Release|Any CPU = Release|Any CPU
	EndGlobalSection
	GlobalSection(ProjectConfigurationPlatforms) = postSolution
		{9FC96EE9-1882-413A-B580-EA9A95C6F5CC}.Debug|Any CPU.ActiveCfg = Debug|Any CPU
		{9FC96EE9-1882-413A-B580-EA9A95C6F5CC}.Debug|Any CPU.Build.0 = Debug|Any CPU
		{9FC96EE9-1882-413A-B580-EA9A95C6F5CC}.Release|Any CPU.ActiveCfg = Release|Any CPU
		{9FC96EE9-1882-413A-B580-EA9A95C6F5CC}.Release|Any CPU.Build.0 = Release|Any CPU
	EndGlobalSection
	GlobalSection(SolutionProperties) = preSolution
		HideSolutionNode = FALSE
	EndGlobalSection
	GlobalSection(ExtensibilityGlobals) = postSolution
		SolutionGuid = {910010FD-2195-433C-82E6-3C15C95BE559}
	EndGlobalSection
EndGlobal
